
Microsoft Visual Studio Solution File, Format Version 12.00
# Visual Studio Version 17
VisualStudioVersion = 17.9.34714.143
MinimumVisualStudioVersion = 10.0.40219.1
Project("{FAE04EC0-301F-11D3-BF4B-00C04F79EFBC}") = "DVLD", "DVLD\DVLD.csproj", "{ED14A066-1F28-4B15-A49A-63534C23A175}"
EndProject
Project("{FAE04EC0-301F-11D3-BF4B-00C04F79EFBC}") = "DVLD_BLL", "DVLD_BLL\DVLD_BLL.csproj", "{B8D7C992-BBC9-44C2-B628-A7FDCB686CED}"
EndProject
Project("{FAE04EC0-301F-11D3-BF4B-00C04F79EFBC}") = "DVLD_DAL", "DVLD_DAL\DVLD_DAL.csproj", "{DBD77346-9495-464A-A88C-5A9640D42074}"
EndProject
Global
	GlobalSection(SolutionConfigurationPlatforms) = preSolution
		Debug|Any CPU = Debug|Any CPU
		Release|Any CPU = Release|Any CPU
	EndGlobalSection
	GlobalSection(ProjectConfigurationPlatforms) = postSolution
		{ED14A066-1F28-4B15-A49A-63534C23A175}.Debug|Any CPU.ActiveCfg = Debug|Any CPU
		{ED14A066-1F28-4B15-A49A-63534C23A175}.Debug|Any CPU.Build.0 = Debug|Any CPU
		{ED14A066-1F28-4B15-A49A-63534C23A175}.Release|Any CPU.ActiveCfg = Release|Any CPU
		{ED14A066-1F28-4B15-A49A-63534C23A175}.Release|Any CPU.Build.0 = Release|Any CPU
		{B8D7C992-BBC9-44C2-B628-A7FDCB686CED}.Debug|Any CPU.ActiveCfg = Debug|Any CPU
		{B8D7C992-BBC9-44C2-B628-A7FDCB686CED}.Debug|Any CPU.Build.0 = Debug|Any CPU
		{B8D7C992-BBC9-44C2-B628-A7FDCB686CED}.Release|Any CPU.ActiveCfg = Release|Any CPU
		{B8D7C992-BBC9-44C2-B628-A7FDCB686CED}.Release|Any CPU.Build.0 = Release|Any CPU
		{DBD77346-9495-464A-A88C-5A9640D42074}.Debug|Any CPU.ActiveCfg = Debug|Any CPU
		{DBD77346-9495-464A-A88C-5A9640D42074}.Debug|Any CPU.Build.0 = Debug|Any CPU
		{DBD77346-9495-464A-A88C-5A9640D42074}.Release|Any CPU.ActiveCfg = Release|Any CPU
		{DBD77346-9495-464A-A88C-5A9640D42074}.Release|Any CPU.Build.0 = Release|Any CPU
	EndGlobalSection
	GlobalSection(SolutionProperties) = preSolution
		HideSolutionNode = FALSE
	EndGlobalSection
	GlobalSection(ExtensibilityGlobals) = postSolution
		SolutionGuid = {1884D503-7F9E-4E34-BDBC-0292562D9403}
	EndGlobalSection
EndGlobal
